
Microsoft Visual Studio Solution File, Format Version 12.00
# Visual Studio 14
VisualStudioVersion = 14.0.25123.0
MinimumVisualStudioVersion = 10.0.40219.1
Project("{E24C65DC-7377-472B-9ABA-BC803B73C61A}") = "JavaScript", "..\..\WebSites\JavaScript\", "{615631B1-4162-4587-ABF0-ED1F3A360675}"
	ProjectSection(WebsiteProperties) = preProject
		TargetFrameworkMoniker = ".NETFramework,Version%3Dv4.5.2"
		Debug.AspNetCompiler.VirtualPath = "/localhost_52945"
		Debug.AspNetCompiler.PhysicalPath = "..\..\WebSites\JavaScript\"
		Debug.AspNetCompiler.TargetPath = "PrecompiledWeb\localhost_52945\"
		Debug.AspNetCompiler.Updateable = "true"
		Debug.AspNetCompiler.ForceOverwrite = "true"
		Debug.AspNetCompiler.FixedNames = "false"
		Debug.AspNetCompiler.Debug = "True"
		Release.AspNetCompiler.VirtualPath = "/localhost_52945"
		Release.AspNetCompiler.PhysicalPath = "..\..\WebSites\JavaScript\"
		Release.AspNetCompiler.TargetPath = "PrecompiledWeb\localhost_52945\"
		Release.AspNetCompiler.Updateable = "true"
		Release.AspNetCompiler.ForceOverwrite = "true"
		Release.AspNetCompiler.FixedNames = "false"
		Release.AspNetCompiler.Debug = "False"
		VWDPort = "52945"
		SlnRelativePath = "..\..\WebSites\JavaScript\"
		DefaultWebSiteLanguage = "Visual C#"
	EndProjectSection
EndProject
Project("{FAE04EC0-301F-11D3-BF4B-00C04F79EFBC}") = "JQuery", "JQuery\JQuery.csproj", "{0BA66DB0-9A13-45E3-AE1A-12203748C2B7}"
EndProject
Global
	GlobalSection(SolutionConfigurationPlatforms) = preSolution
		Debug|Any CPU = Debug|Any CPU
		Release|Any CPU = Release|Any CPU
	EndGlobalSection
	GlobalSection(ProjectConfigurationPlatforms) = postSolution
		{615631B1-4162-4587-ABF0-ED1F3A360675}.Debug|Any CPU.ActiveCfg = Debug|Any CPU
		{615631B1-4162-4587-ABF0-ED1F3A360675}.Debug|Any CPU.Build.0 = Debug|Any CPU
		{615631B1-4162-4587-ABF0-ED1F3A360675}.Release|Any CPU.ActiveCfg = Debug|Any CPU
		{615631B1-4162-4587-ABF0-ED1F3A360675}.Release|Any CPU.Build.0 = Debug|Any CPU
		{0BA66DB0-9A13-45E3-AE1A-12203748C2B7}.Debug|Any CPU.ActiveCfg = Debug|Any CPU
		{0BA66DB0-9A13-45E3-AE1A-12203748C2B7}.Debug|Any CPU.Build.0 = Debug|Any CPU
		{0BA66DB0-9A13-45E3-AE1A-12203748C2B7}.Release|Any CPU.ActiveCfg = Release|Any CPU
		{0BA66DB0-9A13-45E3-AE1A-12203748C2B7}.Release|Any CPU.Build.0 = Release|Any CPU
	EndGlobalSection
	GlobalSection(SolutionProperties) = preSolution
		HideSolutionNode = FALSE
	EndGlobalSection
EndGlobal
